# THIS IS AN AUTOGENERATED FILE. DO NOT EDIT THIS FILE DIRECTLY.
# yarn lockfile v1


"@types/uuid@8.3.0":
  version "8.3.0"
  resolved "https://registry.yarnpkg.com/@types/uuid/-/uuid-8.3.0.tgz#215c231dff736d5ba92410e6d602050cce7e273f"
  integrity sha512-eQ9qFW/fhfGJF8WKHGEHZEyVWfZxrT+6CLIJGBcZPfxUh/+BnEj+UCGYMlr9qZuX/2AltsvwrGqp0LhEW8D0zQ==

uuid@8.3.0:
  version "8.3.0"
  resolved "https://registry.yarnpkg.com/uuid/-/uuid-8.3.0.tgz#ab738085ca22dc9a8c92725e459b1d507df5d6ea"
  integrity sha512-fX6Z5o4m6XsXBdli9g7DtWgAx+osMsRRZFKma1mIUsLCz6vRvv+pz5VNbyu9UEDzpMWulZfvpgb/cmDXVulYFQ==

uuidv4@^6.2.3:
  version "6.2.3"
  resolved "https://registry.yarnpkg.com/uuidv4/-/uuidv4-6.2.3.tgz#b478932d508484fda8a6a964fe2b897cca5eede2"
  integrity sha512-4hxGisl76Y6A7nkadg5gMrPGVYVGLmJ3fZHVvmnXsy+8DMA7n7YV/4Y72Fw38CCwpZpyPgOaa/4YxhkCYwyNNQ==
  dependencies:
    "@types/uuid" "8.3.0"
    uuid "8.3.0"
